
Microsoft Visual Studio Solution File, Format Version 12.00
# Visual Studio Version 16
VisualStudioVersion = 16.0.31313.79
MinimumVisualStudioVersion = 10.0.40219.1
Project("{FAE04EC0-301F-11D3-BF4B-00C04F79EFBC}") = "DragonJetzNotepad", "REghZyNotepad\DragonJetzNotepad.csproj", "{6525B1A4-C4F9-4B7C-8342-EF1E2EBD35A2}"
EndProject
Project("{FAE04EC0-301F-11D3-BF4B-00C04F79EFBC}") = "DragonJetzNotepad.Core", "REghZyNotepad.Core\DragonJetzNotepad.Core.csproj", "{87CEA552-8D72-46D3-86D0-F3986E24D060}"
EndProject
Project("{FAE04EC0-301F-11D3-BF4B-00C04F79EFBC}") = "DragonJetzMVVM", "REghZyMVVM\REghZyMVVM\DragonJetzMVVM.csproj", "{F73F8351-3650-45D3-8C72-606D09F8B728}"
EndProject
Project("{FAE04EC0-301F-11D3-BF4B-00C04F79EFBC}") = "DragonJetzMVVM.Utils", "REghZyMVVM\REghZyMVVM.Utils\DragonJetzMVVM.Utils.csproj", "{56303E0F-C01E-42B6-A39B-83D878141531}"
EndProject
Global
	GlobalSection(SolutionConfigurationPlatforms) = preSolution
		Debug|Any CPU = Debug|Any CPU
		Release|Any CPU = Release|Any CPU
	EndGlobalSection
	GlobalSection(ProjectConfigurationPlatforms) = postSolution
		{6525B1A4-C4F9-4B7C-8342-EF1E2EBD35A2}.Debug|Any CPU.ActiveCfg = Debug|Any CPU
		{6525B1A4-C4F9-4B7C-8342-EF1E2EBD35A2}.Debug|Any CPU.Build.0 = Debug|Any CPU
		{6525B1A4-C4F9-4B7C-8342-EF1E2EBD35A2}.Release|Any CPU.ActiveCfg = Release|Any CPU
		{6525B1A4-C4F9-4B7C-8342-EF1E2EBD35A2}.Release|Any CPU.Build.0 = Release|Any CPU
		{87CEA552-8D72-46D3-86D0-F3986E24D060}.Debug|Any CPU.ActiveCfg = Debug|Any CPU
		{87CEA552-8D72-46D3-86D0-F3986E24D060}.Debug|Any CPU.Build.0 = Debug|Any CPU
		{87CEA552-8D72-46D3-86D0-F3986E24D060}.Release|Any CPU.ActiveCfg = Release|Any CPU
		{87CEA552-8D72-46D3-86D0-F3986E24D060}.Release|Any CPU.Build.0 = Release|Any CPU
		{F73F8351-3650-45D3-8C72-606D09F8B728}.Debug|Any CPU.ActiveCfg = Debug|Any CPU
		{F73F8351-3650-45D3-8C72-606D09F8B728}.Debug|Any CPU.Build.0 = Debug|Any CPU
		{F73F8351-3650-45D3-8C72-606D09F8B728}.Release|Any CPU.ActiveCfg = Release|Any CPU
		{F73F8351-3650-45D3-8C72-606D09F8B728}.Release|Any CPU.Build.0 = Release|Any CPU
		{56303E0F-C01E-42B6-A39B-83D878141531}.Debug|Any CPU.ActiveCfg = Debug|Any CPU
		{56303E0F-C01E-42B6-A39B-83D878141531}.Debug|Any CPU.Build.0 = Debug|Any CPU
		{56303E0F-C01E-42B6-A39B-83D878141531}.Release|Any CPU.ActiveCfg = Release|Any CPU
		{56303E0F-C01E-42B6-A39B-83D878141531}.Release|Any CPU.Build.0 = Release|Any CPU
	EndGlobalSection
	GlobalSection(SolutionProperties) = preSolution
		HideSolutionNode = FALSE
	EndGlobalSection
	GlobalSection(ExtensibilityGlobals) = postSolution
		SolutionGuid = {14298A98-681B-4211-8CC0-E63DC0122CE6}
	EndGlobalSection
EndGlobal
